
Microsoft Visual Studio Solution File, Format Version 12.00
# Visual Studio 15
VisualStudioVersion = 15.0.28307.329
MinimumVisualStudioVersion = 10.0.40219.1
Project("{FAE04EC0-301F-11D3-BF4B-00C04F79EFBC}") = "CsvAnalysisAPP", "CsvAnalysisAPP\CsvAnalysisAPP.csproj", "{504E334C-2107-4607-800B-01CC11593BA3}"
EndProject
Project("{FAE04EC0-301F-11D3-BF4B-00C04F79EFBC}") = "CsvAnalysisAPI", "CsvAnalysisAPI\CsvAnalysisAPI.csproj", "{A2209BBE-8AE9-4AF7-8A7C-B67D07839B59}"
EndProject
Project("{00D1A9C2-B5F0-4AF3-8072-F6C62B433612}") = "CsvAnalysisBD", "CsvAnalysisBD\CsvAnalysisBD.sqlproj", "{D65A1B63-444D-40D3-B16D-BF017B381EF1}"
EndProject
Global
	GlobalSection(SolutionConfigurationPlatforms) = preSolution
		Debug|Any CPU = Debug|Any CPU
		Release|Any CPU = Release|Any CPU
	EndGlobalSection
	GlobalSection(ProjectConfigurationPlatforms) = postSolution
		{504E334C-2107-4607-800B-01CC11593BA3}.Debug|Any CPU.ActiveCfg = Debug|Any CPU
		{504E334C-2107-4607-800B-01CC11593BA3}.Debug|Any CPU.Build.0 = Debug|Any CPU
		{504E334C-2107-4607-800B-01CC11593BA3}.Release|Any CPU.ActiveCfg = Release|Any CPU
		{504E334C-2107-4607-800B-01CC11593BA3}.Release|Any CPU.Build.0 = Release|Any CPU
		{A2209BBE-8AE9-4AF7-8A7C-B67D07839B59}.Debug|Any CPU.ActiveCfg = Debug|Any CPU
		{A2209BBE-8AE9-4AF7-8A7C-B67D07839B59}.Debug|Any CPU.Build.0 = Debug|Any CPU
		{A2209BBE-8AE9-4AF7-8A7C-B67D07839B59}.Release|Any CPU.ActiveCfg = Release|Any CPU
		{A2209BBE-8AE9-4AF7-8A7C-B67D07839B59}.Release|Any CPU.Build.0 = Release|Any CPU
		{D65A1B63-444D-40D3-B16D-BF017B381EF1}.Debug|Any CPU.ActiveCfg = Debug|Any CPU
		{D65A1B63-444D-40D3-B16D-BF017B381EF1}.Debug|Any CPU.Build.0 = Debug|Any CPU
		{D65A1B63-444D-40D3-B16D-BF017B381EF1}.Debug|Any CPU.Deploy.0 = Debug|Any CPU
		{D65A1B63-444D-40D3-B16D-BF017B381EF1}.Release|Any CPU.ActiveCfg = Release|Any CPU
		{D65A1B63-444D-40D3-B16D-BF017B381EF1}.Release|Any CPU.Build.0 = Release|Any CPU
		{D65A1B63-444D-40D3-B16D-BF017B381EF1}.Release|Any CPU.Deploy.0 = Release|Any CPU
	EndGlobalSection
	GlobalSection(SolutionProperties) = preSolution
		HideSolutionNode = FALSE
	EndGlobalSection
	GlobalSection(ExtensibilityGlobals) = postSolution
		SolutionGuid = {EAA61625-A091-45EB-8340-6D936C407891}
	EndGlobalSection
EndGlobal
